
Microsoft Visual Studio Solution File, Format Version 12.00
# Visual Studio Version 17
VisualStudioVersion = 17.7.34202.233
MinimumVisualStudioVersion = 10.0.40219.1
Project("{FAE04EC0-301F-11D3-BF4B-00C04F79EFBC}") = "prjkn", "prjkn\prjkn.csproj", "{6644671B-D4BE-44AF-B1BD-4BF1D233B4B6}"
EndProject
Global
	GlobalSection(SolutionConfigurationPlatforms) = preSolution
		Debug|Any CPU = Debug|Any CPU
		Release|Any CPU = Release|Any CPU
	EndGlobalSection
	GlobalSection(ProjectConfigurationPlatforms) = postSolution
		{6644671B-D4BE-44AF-B1BD-4BF1D233B4B6}.Debug|Any CPU.ActiveCfg = Debug|Any CPU
		{6644671B-D4BE-44AF-B1BD-4BF1D233B4B6}.Debug|Any CPU.Build.0 = Debug|Any CPU
		{6644671B-D4BE-44AF-B1BD-4BF1D233B4B6}.Release|Any CPU.ActiveCfg = Release|Any CPU
		{6644671B-D4BE-44AF-B1BD-4BF1D233B4B6}.Release|Any CPU.Build.0 = Release|Any CPU
	EndGlobalSection
	GlobalSection(SolutionProperties) = preSolution
		HideSolutionNode = FALSE
	EndGlobalSection
	GlobalSection(ExtensibilityGlobals) = postSolution
		SolutionGuid = {FF8FDE8C-46D6-4EB0-9623-982A7600BEBA}
	EndGlobalSection
EndGlobal
